
Microsoft Visual Studio Solution File, Format Version 12.00
# Visual Studio Version 16
VisualStudioVersion = 16.0.28803.352
MinimumVisualStudioVersion = 10.0.40219.1
Project("{FAE04EC0-301F-11D3-BF4B-00C04F79EFBC}") = "Shapes_Team", "Shapes_Team\Shapes_Team.csproj", "{292D0451-E10F-4706-8912-7B406D895DD3}"
EndProject
Global
	GlobalSection(SolutionConfigurationPlatforms) = preSolution
		Debug|Any CPU = Debug|Any CPU
		Release|Any CPU = Release|Any CPU
	EndGlobalSection
	GlobalSection(ProjectConfigurationPlatforms) = postSolution
		{292D0451-E10F-4706-8912-7B406D895DD3}.Debug|Any CPU.ActiveCfg = Debug|Any CPU
		{292D0451-E10F-4706-8912-7B406D895DD3}.Debug|Any CPU.Build.0 = Debug|Any CPU
		{292D0451-E10F-4706-8912-7B406D895DD3}.Release|Any CPU.ActiveCfg = Release|Any CPU
		{292D0451-E10F-4706-8912-7B406D895DD3}.Release|Any CPU.Build.0 = Release|Any CPU
	EndGlobalSection
	GlobalSection(SolutionProperties) = preSolution
		HideSolutionNode = FALSE
	EndGlobalSection
	GlobalSection(ExtensibilityGlobals) = postSolution
		SolutionGuid = {4733DE64-2EF4-4D86-B68E-955856936EC5}
	EndGlobalSection
EndGlobal
